// !$*UTF8*$!
{
	archiveVersion = 1;
	classes = {
	};
	objectVersion = 77;
	objects = {

/* Begin PBXBuildFile section */
		5420F99A2E1979EC0020BE93 /* Auth in Frameworks */ = {isa = PBXBuildFile; productRef = 5420F9992E1979EC0020BE93 /* Auth */; };
		5420F99C2E1979EC0020BE93 /* Functions in Frameworks */ = {isa = PBXBuildFile; productRef = 5420F99B2E1979EC0020BE93 /* Functions */; };
		5420F99E2E1979EC0020BE93 /* PostgREST in Frameworks */ = {isa = PBXBuildFile; productRef = 5420F99D2E1979EC0020BE93 /* PostgREST */; };
		5420F9A02E1979EC0020BE93 /* Realtime in Frameworks */ = {isa = PBXBuildFile; productRef = 5420F99F2E1979EC0020BE93 /* Realtime */; };
		5420F9A22E1979EC0020BE93 /* Storage in Frameworks */ = {isa = PBXBuildFile; productRef = 5420F9A12E1979EC0020BE93 /* Storage */; };
		5420F9A72E197B0C0020BE93 /* Supabase in Frameworks */ = {isa = PBXBuildFile; productRef = 5420F9A62E197B0C0020BE93 /* Supabase */; };
/* End PBXBuildFile section */

/* Begin PBXContainerItemProxy section */
		5420F96D2E1977120020BE93 /* PBXContainerItemProxy */ = {
			isa = PBXContainerItemProxy;
			containerPortal = 5420F9562E1977110020BE93 /* Project object */;
			proxyType = 1;
			remoteGlobalIDString = 5420F95D2E1977110020BE93;
			remoteInfo = "trip-planner-pro";
		};
		5420F9772E1977120020BE93 /* PBXContainerItemProxy */ = {
			isa = PBXContainerItemProxy;
			containerPortal = 5420F9562E1977110020BE93 /* Project object */;
			proxyType = 1;
			remoteGlobalIDString = 5420F95D2E1977110020BE93;
			remoteInfo = "trip-planner-pro";
		};
/* End PBXContainerItemProxy section */

/* Begin PBXFileReference section */
		5420F95E2E1977110020BE93 /* trip-planner-pro.app */ = {isa = PBXFileReference; explicitFileType = wrapper.application; includeInIndex = 0; path = "trip-planner-pro.app"; sourceTree = BUILT_PRODUCTS_DIR; };
		5420F96C2E1977120020BE93 /* trip-planner-proTests.xctest */ = {isa = PBXFileReference; explicitFileType = wrapper.cfbundle; includeInIndex = 0; path = "trip-planner-proTests.xctest"; sourceTree = BUILT_PRODUCTS_DIR; };
		5420F9762E1977120020BE93 /* trip-planner-proUITests.xctest */ = {isa = PBXFileReference; explicitFileType = wrapper.cfbundle; includeInIndex = 0; path = "trip-planner-proUITests.xctest"; sourceTree = BUILT_PRODUCTS_DIR; };
/* End PBXFileReference section */

/* Begin PBXFileSystemSynchronizedRootGroup section */
		5420F9602E1977110020BE93 /* trip-planner-pro */ = {
			isa = PBXFileSystemSynchronizedRootGroup;
			path = "trip-planner-pro";
			sourceTree = "<group>";
		};
		5420F96F2E1977120020BE93 /* trip-planner-proTests */ = {
			isa = PBXFileSystemSynchronizedRootGroup;
			path = "trip-planner-proTests";
			sourceTree = "<group>";
		};
		5420F9792E1977120020BE93 /* trip-planner-proUITests */ = {
			isa = PBXFileSystemSynchronizedRootGroup;
			path = "trip-planner-proUITests";
			sourceTree = "<group>";
		};
/* End PBXFileSystemSynchronizedRootGroup section */

/* Begin PBXFrameworksBuildPhase section */
		5420F95B2E1977110020BE93 /* Frameworks */ = {
			isa = PBXFrameworksBuildPhase;
			buildActionMask = 2147483647;
			files = (
				5420F99E2E1979EC0020BE93 /* PostgREST in Frameworks */,
				5420F99C2E1979EC0020BE93 /* Functions in Frameworks */,
				5420F9A72E197B0C0020BE93 /* Supabase in Frameworks */,
				5420F99A2E1979EC0020BE93 /* Auth in Frameworks */,
				5420F9A22E1979EC0020BE93 /* Storage in Frameworks */,
				5420F9A02E1979EC0020BE93 /* Realtime in Frameworks */,
			);
			runOnlyForDeploymentPostprocessing = 0;
		};
		5420F9692E1977120020BE93 /* Frameworks */ = {
			isa = PBXFrameworksBuildPhase;
			buildActionMask = 2147483647;
			files = (
			);
			runOnlyForDeploymentPostprocessing = 0;
		};
		5420F9732E1977120020BE93 /* Frameworks */ = {
			isa = PBXFrameworksBuildPhase;
			buildActionMask = 2147483647;
			files = (
			);
			runOnlyForDeploymentPostprocessing = 0;
		};
/* End PBXFrameworksBuildPhase section */

/* Begin PBXGroup section */
		5420F9552E1977110020BE93 = {
			isa = PBXGroup;
			children = (
				5420F9602E1977110020BE93 /* trip-planner-pro */,
				5420F96F2E1977120020BE93 /* trip-planner-proTests */,
				5420F9792E1977120020BE93 /* trip-planner-proUITests */,
				5420F9A52E197B0C0020BE93 /* Frameworks */,
				5420F95F2E1977110020BE93 /* Products */,
			);
			sourceTree = "<group>";
		};
		5420F95F2E1977110020BE93 /* Products */ = {
			isa = PBXGroup;
			children = (
				5420F95E2E1977110020BE93 /* trip-planner-pro.app */,
				5420F96C2E1977120020BE93 /* trip-planner-proTests.xctest */,
				5420F9762E1977120020BE93 /* trip-planner-proUITests.xctest */,
			);
			name = Products;
			sourceTree = "<group>";
		};
		5420F9A52E197B0C0020BE93 /* Frameworks */ = {
			isa = PBXGroup;
			children = (
			);
			name = Frameworks;
			sourceTree = "<group>";
		};
/* End PBXGroup section */

/* Begin PBXNativeTarget section */
		5420F95D2E1977110020BE93 /* trip-planner-pro */ = {
			isa = PBXNativeTarget;
			buildConfigurationList = 5420F9802E1977120020BE93 /* Build configuration list for PBXNativeTarget "trip-planner-pro" */;
			buildPhases = (
				5420F95A2E1977110020BE93 /* Sources */,
				5420F95B2E1977110020BE93 /* Frameworks */,
				5420F95C2E1977110020BE93 /* Resources */,
			);
			buildRules = (
			);
			dependencies = (
			);
			fileSystemSynchronizedGroups = (
				5420F9602E1977110020BE93 /* trip-planner-pro */,
			);
			name = "trip-planner-pro";
			packageProductDependencies = (
				5420F9992E1979EC0020BE93 /* Auth */,
				5420F99B2E1979EC0020BE93 /* Functions */,
				5420F99D2E1979EC0020BE93 /* PostgREST */,
				5420F99F2E1979EC0020BE93 /* Realtime */,
				5420F9A12E1979EC0020BE93 /* Storage */,
				5420F9A62E197B0C0020BE93 /* Supabase */,
			);
			productName = "trip-planner-pro";
			productReference = 5420F95E2E1977110020BE93 /* trip-planner-pro.app */;
			productType = "com.apple.product-type.application";
		};
		5420F96B2E1977120020BE93 /* trip-planner-proTests */ = {
			isa = PBXNativeTarget;
			buildConfigurationList = 5420F9832E1977120020BE93 /* Build configuration list for PBXNativeTarget "trip-planner-proTests" */;
			buildPhases = (
				5420F9682E1977120020BE93 /* Sources */,
				5420F9692E1977120020BE93 /* Frameworks */,
				5420F96A2E1977120020BE93 /* Resources */,
			);
			buildRules = (
			);
			dependencies = (
				5420F96E2E1977120020BE93 /* PBXTargetDependency */,
			);
			fileSystemSynchronizedGroups = (
				5420F96F2E1977120020BE93 /* trip-planner-proTests */,
			);
			name = "trip-planner-proTests";
			packageProductDependencies = (
			);
			productName = "trip-planner-proTests";
			productReference = 5420F96C2E1977120020BE93 /* trip-planner-proTests.xctest */;
			productType = "com.apple.product-type.bundle.unit-test";
		};
		5420F9752E1977120020BE93 /* trip-planner-proUITests */ = {
			isa = PBXNativeTarget;
			buildConfigurationList = 5420F9862E1977120020BE93 /* Build configuration list for PBXNativeTarget "trip-planner-proUITests" */;
			buildPhases = (
				5420F9722E1977120020BE93 /* Sources */,
				5420F9732E1977120020BE93 /* Frameworks */,
				5420F9742E1977120020BE93 /* Resources */,
			);
			buildRules = (
			);
			dependencies = (
				5420F9782E1977120020BE93 /* PBXTargetDependency */,
			);
			fileSystemSynchronizedGroups = (
				5420F9792E1977120020BE93 /* trip-planner-proUITests */,
			);
			name = "trip-planner-proUITests";
			packageProductDependencies = (
			);
			productName = "trip-planner-proUITests";
			productReference = 5420F9762E1977120020BE93 /* trip-planner-proUITests.xctest */;
			productType = "com.apple.product-type.bundle.ui-testing";
		};
/* End PBXNativeTarget section */

/* Begin PBXProject section */
		5420F9562E1977110020BE93 /* Project object */ = {
			isa = PBXProject;
			attributes = {
				BuildIndependentTargetsInParallel = 1;
				LastSwiftUpdateCheck = 1640;
				LastUpgradeCheck = 1640;
				TargetAttributes = {
					5420F95D2E1977110020BE93 = {
						CreatedOnToolsVersion = 16.4;
					};
					5420F96B2E1977120020BE93 = {
						CreatedOnToolsVersion = 16.4;
						TestTargetID = 5420F95D2E1977110020BE93;
					};
					5420F9752E1977120020BE93 = {
						CreatedOnToolsVersion = 16.4;
						TestTargetID = 5420F95D2E1977110020BE93;
					};
				};
			};
			buildConfigurationList = 5420F9592E1977110020BE93 /* Build configuration list for PBXProject "trip-planner-pro" */;
			developmentRegion = en;
			hasScannedForEncodings = 0;
			knownRegions = (
				en,
				Base,
			);
			mainGroup = 5420F9552E1977110020BE93;
			minimizedProjectReferenceProxies = 1;
			packageReferences = (
				5420F9982E1979EC0020BE93 /* XCRemoteSwiftPackageReference "supabase-swift" */,
			);
			preferredProjectObjectVersion = 77;
			productRefGroup = 5420F95F2E1977110020BE93 /* Products */;
			projectDirPath = "";
			projectRoot = "";
			targets = (
				5420F95D2E1977110020BE93 /* trip-planner-pro */,
				5420F96B2E1977120020BE93 /* trip-planner-proTests */,
				5420F9752E1977120020BE93 /* trip-planner-proUITests */,
			);
		};
/* End PBXProject section */

/* Begin PBXResourcesBuildPhase section */
		5420F95C2E1977110020BE93 /* Resources */ = {
			isa = PBXResourcesBuildPhase;
			buildActionMask = 2147483647;
			files = (
			);
			runOnlyForDeploymentPostprocessing = 0;
		};
		5420F96A2E1977120020BE93 /* Resources */ = {
			isa = PBXResourcesBuildPhase;
			buildActionMask = 2147483647;
			files = (
			);
			runOnlyForDeploymentPostprocessing = 0;
		};
		5420F9742E1977120020BE93 /* Resources */ = {
			isa = PBXResourcesBuildPhase;
			buildActionMask = 2147483647;
			files = (
			);
			runOnlyForDeploymentPostprocessing = 0;
		};
/* End PBXResourcesBuildPhase section */

/* Begin PBXSourcesBuildPhase section */
		5420F95A2E1977110020BE93 /* Sources */ = {
			isa = PBXSourcesBuildPhase;
			buildActionMask = 2147483647;
			files = (
			);
			runOnlyForDeploymentPostprocessing = 0;
		};
		5420F9682E1977120020BE93 /* Sources */ = {
			isa = PBXSourcesBuildPhase;
			buildActionMask = 2147483647;
			files = (
			);
			runOnlyForDeploymentPostprocessing = 0;
		};
		5420F9722E1977120020BE93 /* Sources */ = {
			isa = PBXSourcesBuildPhase;
			buildActionMask = 2147483647;
			files = (
			);
			runOnlyForDeploymentPostprocessing = 0;
		};
/* End PBXSourcesBuildPhase section */

/* Begin PBXTargetDependency section */
		5420F96E2E1977120020BE93 /* PBXTargetDependency */ = {
			isa = PBXTargetDependency;
			target = 5420F95D2E1977110020BE93 /* trip-planner-pro */;
			targetProxy = 5420F96D2E1977120020BE93 /* PBXContainerItemProxy */;
		};
		5420F9782E1977120020BE93 /* PBXTargetDependency */ = {
			isa = PBXTargetDependency;
			target = 5420F95D2E1977110020BE93 /* trip-planner-pro */;
			targetProxy = 5420F9772E1977120020BE93 /* PBXContainerItemProxy */;
		};
/* End PBXTargetDependency section */

/* Begin XCBuildConfiguration section */
		5420F97E2E1977120020BE93 /* Debug */ = {
			isa = XCBuildConfiguration;
			buildSettings = {
				ALWAYS_SEARCH_USER_PATHS = NO;
				ASSETCATALOG_COMPILER_GENERATE_SWIFT_ASSET_SYMBOL_EXTENSIONS = YES;
				CLANG_ANALYZER_NONNULL = YES;
				CLANG_ANALYZER_NUMBER_OBJECT_CONVERSION = YES_AGGRESSIVE;
				CLANG_CXX_LANGUAGE_STANDARD = "gnu++20";
				CLANG_ENABLE_MODULES = YES;
				CLANG_ENABLE_OBJC_ARC = YES;
				CLANG_ENABLE_OBJC_WEAK = YES;
				CLANG_WARN_BLOCK_CAPTURE_AUTORELEASING = YES;
				CLANG_WARN_BOOL_CONVERSION = YES;
				CLANG_WARN_COMMA = YES;
				CLANG_WARN_CONSTANT_CONVERSION = YES;
				CLANG_WARN_DEPRECATED_OBJC_IMPLEMENTATIONS = YES;
				CLANG_WARN_DIRECT_OBJC_ISA_USAGE = YES_ERROR;
				CLANG_WARN_DOCUMENTATION_COMMENTS = YES;
				CLANG_WARN_EMPTY_BODY = YES;
				CLANG_WARN_ENUM_CONVERSION = YES;
				CLANG_WARN_INFINITE_RECURSION = YES;
				CLANG_WARN_INT_CONVERSION = YES;
				CLANG_WARN_NON_LITERAL_NULL_CONVERSION = YES;
				CLANG_WARN_OBJC_IMPLICIT_RETAIN_SELF = YES;
				CLANG_WARN_OBJC_LITERAL_CONVERSION = YES;
				CLANG_WARN_OBJC_ROOT_CLASS = YES_ERROR;
				CLANG_WARN_QUOTED_INCLUDE_IN_FRAMEWORK_HEADER = YES;
				CLANG_WARN_RANGE_LOOP_ANALYSIS = YES;
				CLANG_WARN_STRICT_PROTOTYPES = YES;
				CLANG_WARN_SUSPICIOUS_MOVE = YES;
				CLANG_WARN_UNGUARDED_AVAILABILITY = YES_AGGRESSIVE;
				CLANG_WARN_UNREACHABLE_CODE = YES;
				CLANG_WARN__DUPLICATE_METHOD_MATCH = YES;
				COPY_PHASE_STRIP = NO;
				DEBUG_INFORMATION_FORMAT = dwarf;
				ENABLE_STRICT_OBJC_MSGSEND = YES;
				ENABLE_TESTABILITY = YES;
				ENABLE_USER_SCRIPT_SANDBOXING = YES;
				GCC_C_LANGUAGE_STANDARD = gnu17;
				GCC_DYNAMIC_NO_PIC = NO;
				GCC_NO_COMMON_BLOCKS = YES;
				GCC_OPTIMIZATION_LEVEL = 0;
				GCC_PREPROCESSOR_DEFINITIONS = (
					"DEBUG=1",
					"$(inherited)",
				);
				GCC_WARN_64_TO_32_BIT_CONVERSION = YES;
				GCC_WARN_ABOUT_RETURN_TYPE = YES_ERROR;
				GCC_WARN_UNDECLARED_SELECTOR = YES;
				GCC_WARN_UNINITIALIZED_AUTOS = YES_AGGRESSIVE;
				GCC_WARN_UNUSED_FUNCTION = YES;
				GCC_WARN_UNUSED_VARIABLE = YES;
				LOCALIZATION_PREFERS_STRING_CATALOGS = YES;
				MTL_ENABLE_DEBUG_INFO = INCLUDE_SOURCE;
				MTL_FAST_MATH = YES;
				ONLY_ACTIVE_ARCH = YES;
				SWIFT_ACTIVE_COMPILATION_CONDITIONS = "DEBUG $(inherited)";
				SWIFT_OPTIMIZATION_LEVEL = "-Onone";
			};
			name = Debug;
		};
		5420F97F2E1977120020BE93 /* Release */ = {
			isa = XCBuildConfiguration;
			buildSettings = {
				ALWAYS_SEARCH_USER_PATHS = NO;
				ASSETCATALOG_COMPILER_GENERATE_SWIFT_ASSET_SYMBOL_EXTENSIONS = YES;
				CLANG_ANALYZER_NONNULL = YES;
				CLANG_ANALYZER_NUMBER_OBJECT_CONVERSION = YES_AGGRESSIVE;
				CLANG_CXX_LANGUAGE_STANDARD = "gnu++20";
				CLANG_ENABLE_MODULES = YES;
				CLANG_ENABLE_OBJC_ARC = YES;
				CLANG_ENABLE_OBJC_WEAK = YES;
				CLANG_WARN_BLOCK_CAPTURE_AUTORELEASING = YES;
				CLANG_WARN_BOOL_CONVERSION = YES;
				CLANG_WARN_COMMA = YES;
				CLANG_WARN_CONSTANT_CONVERSION = YES;
				CLANG_WARN_DEPRECATED_OBJC_IMPLEMENTATIONS = YES;
				CLANG_WARN_DIRECT_OBJC_ISA_USAGE = YES_ERROR;
				CLANG_WARN_DOCUMENTATION_COMMENTS = YES;
				CLANG_WARN_EMPTY_BODY = YES;
				CLANG_WARN_ENUM_CONVERSION = YES;
				CLANG_WARN_INFINITE_RECURSION = YES;
				CLANG_WARN_INT_CONVERSION = YES;
				CLANG_WARN_NON_LITERAL_NULL_CONVERSION = YES;
				CLANG_WARN_OBJC_IMPLICIT_RETAIN_SELF = YES;
				CLANG_WARN_OBJC_LITERAL_CONVERSION = YES;
				CLANG_WARN_OBJC_ROOT_CLASS = YES_ERROR;
				CLANG_WARN_QUOTED_INCLUDE_IN_FRAMEWORK_HEADER = YES;
				CLANG_WARN_RANGE_LOOP_ANALYSIS = YES;
				CLANG_WARN_STRICT_PROTOTYPES = YES;
				CLANG_WARN_SUSPICIOUS_MOVE = YES;
				CLANG_WARN_UNGUARDED_AVAILABILITY = YES_AGGRESSIVE;
				CLANG_WARN_UNREACHABLE_CODE = YES;
				CLANG_WARN__DUPLICATE_METHOD_MATCH = YES;
				COPY_PHASE_STRIP = NO;
				DEBUG_INFORMATION_FORMAT = "dwarf-with-dsym";
				ENABLE_NS_ASSERTIONS = NO;
				ENABLE_STRICT_OBJC_MSGSEND = YES;
				ENABLE_USER_SCRIPT_SANDBOXING = YES;
				GCC_C_LANGUAGE_STANDARD = gnu17;
				GCC_NO_COMMON_BLOCKS = YES;
				GCC_WARN_64_TO_32_BIT_CONVERSION = YES;
				GCC_WARN_ABOUT_RETURN_TYPE = YES_ERROR;
				GCC_WARN_UNDECLARED_SELECTOR = YES;
				GCC_WARN_UNINITIALIZED_AUTOS = YES_AGGRESSIVE;
				GCC_WARN_UNUSED_FUNCTION = YES;
				GCC_WARN_UNUSED_VARIABLE = YES;
				LOCALIZATION_PREFERS_STRING_CATALOGS = YES;
				MTL_ENABLE_DEBUG_INFO = NO;
				MTL_FAST_MATH = YES;
				SWIFT_COMPILATION_MODE = wholemodule;
			};
			name = Release;
		};
		5420F9812E1977120020BE93 /* Debug */ = {
			isa = XCBuildConfiguration;
			buildSettings = {
				ASSETCATALOG_COMPILER_APPICON_NAME = AppIcon;
				ASSETCATALOG_COMPILER_GLOBAL_ACCENT_COLOR_NAME = AccentColor;
				CODE_SIGN_ENTITLEMENTS = "trip-planner-pro/trip_planner_pro.entitlements";
				CODE_SIGN_STYLE = Automatic;
				CURRENT_PROJECT_VERSION = 1;
				ENABLE_PREVIEWS = YES;
				GENERATE_INFOPLIST_FILE = YES;
				"INFOPLIST_KEY_UIApplicationSceneManifest_Generation[sdk=iphoneos*]" = YES;
				"INFOPLIST_KEY_UIApplicationSceneManifest_Generation[sdk=iphonesimulator*]" = YES;
				"INFOPLIST_KEY_UIApplicationSupportsIndirectInputEvents[sdk=iphoneos*]" = YES;
				"INFOPLIST_KEY_UIApplicationSupportsIndirectInputEvents[sdk=iphonesimulator*]" = YES;
				"INFOPLIST_KEY_UILaunchScreen_Generation[sdk=iphoneos*]" = YES;
				"INFOPLIST_KEY_UILaunchScreen_Generation[sdk=iphonesimulator*]" = YES;
				"INFOPLIST_KEY_UIStatusBarStyle[sdk=iphoneos*]" = UIStatusBarStyleDefault;
				"INFOPLIST_KEY_UIStatusBarStyle[sdk=iphonesimulator*]" = UIStatusBarStyleDefault;
				INFOPLIST_KEY_UISupportedInterfaceOrientations_iPad = "UIInterfaceOrientationPortrait UIInterfaceOrientationPortraitUpsideDown UIInterfaceOrientationLandscapeLeft UIInterfaceOrientationLandscapeRight";
				INFOPLIST_KEY_UISupportedInterfaceOrientations_iPhone = "UIInterfaceOrientationPortrait UIInterfaceOrientationLandscapeLeft UIInterfaceOrientationLandscapeRight";
				IPHONEOS_DEPLOYMENT_TARGET = 18.5;
				LD_RUNPATH_SEARCH_PATHS = "@executable_path/Frameworks";
				"LD_RUNPATH_SEARCH_PATHS[sdk=macosx*]" = "@executable_path/../Frameworks";
				MACOSX_DEPLOYMENT_TARGET = 15.5;
				MARKETING_VERSION = 1.0;
				PRODUCT_BUNDLE_IDENTIFIER = "trip-planner.trip-planner-pro";
				PRODUCT_NAME = "$(TARGET_NAME)";
				REGISTER_APP_GROUPS = YES;
				SDKROOT = auto;
				SUPPORTED_PLATFORMS = "iphoneos iphonesimulator macosx xros xrsimulator";
				SWIFT_EMIT_LOC_STRINGS = YES;
				SWIFT_VERSION = 5.0;
				TARGETED_DEVICE_FAMILY = "1,2,7";
				XROS_DEPLOYMENT_TARGET = 2.5;
			};
			name = Debug;
		};
		5420F9822E1977120020BE93 /* Release */ = {
			isa = XCBuildConfiguration;
			buildSettings = {
				ASSETCATALOG_COMPILER_APPICON_NAME = AppIcon;
				ASSETCATALOG_COMPILER_GLOBAL_ACCENT_COLOR_NAME = AccentColor;
				CODE_SIGN_ENTITLEMENTS = "trip-planner-pro/trip_planner_pro.entitlements";
				CODE_SIGN_STYLE = Automatic;
				CURRENT_PROJECT_VERSION = 1;
				ENABLE_PREVIEWS = YES;
				GENERATE_INFOPLIST_FILE = YES;
				"INFOPLIST_KEY_UIApplicationSceneManifest_Generation[sdk=iphoneos*]" = YES;
				"INFOPLIST_KEY_UIApplicationSceneManifest_Generation[sdk=iphonesimulator*]" = YES;
				"INFOPLIST_KEY_UIApplicationSupportsIndirectInputEvents[sdk=iphoneos*]" = YES;
				"INFOPLIST_KEY_UIApplicationSupportsIndirectInputEvents[sdk=iphonesimulator*]" = YES;
				"INFOPLIST_KEY_UILaunchScreen_Generation[sdk=iphoneos*]" = YES;
				"INFOPLIST_KEY_UILaunchScreen_Generation[sdk=iphonesimulator*]" = YES;
				"INFOPLIST_KEY_UIStatusBarStyle[sdk=iphoneos*]" = UIStatusBarStyleDefault;
				"INFOPLIST_KEY_UIStatusBarStyle[sdk=iphonesimulator*]" = UIStatusBarStyleDefault;
				INFOPLIST_KEY_UISupportedInterfaceOrientations_iPad = "UIInterfaceOrientationPortrait UIInterfaceOrientationPortraitUpsideDown UIInterfaceOrientationLandscapeLeft UIInterfaceOrientationLandscapeRight";
				INFOPLIST_KEY_UISupportedInterfaceOrientations_iPhone = "UIInterfaceOrientationPortrait UIInterfaceOrientationLandscapeLeft UIInterfaceOrientationLandscapeRight";
				IPHONEOS_DEPLOYMENT_TARGET = 18.5;
				LD_RUNPATH_SEARCH_PATHS = "@executable_path/Frameworks";
				"LD_RUNPATH_SEARCH_PATHS[sdk=macosx*]" = "@executable_path/../Frameworks";
				MACOSX_DEPLOYMENT_TARGET = 15.5;
				MARKETING_VERSION = 1.0;
				PRODUCT_BUNDLE_IDENTIFIER = "trip-planner.trip-planner-pro";
				PRODUCT_NAME = "$(TARGET_NAME)";
				REGISTER_APP_GROUPS = YES;
				SDKROOT = auto;
				SUPPORTED_PLATFORMS = "iphoneos iphonesimulator macosx xros xrsimulator";
				SWIFT_EMIT_LOC_STRINGS = YES;
				SWIFT_VERSION = 5.0;
				TARGETED_DEVICE_FAMILY = "1,2,7";
				XROS_DEPLOYMENT_TARGET = 2.5;
			};
			name = Release;
		};
		5420F9842E1977120020BE93 /* Debug */ = {
			isa = XCBuildConfiguration;
			buildSettings = {
				BUNDLE_LOADER = "$(TEST_HOST)";
				CODE_SIGN_STYLE = Automatic;
				CURRENT_PROJECT_VERSION = 1;
				GENERATE_INFOPLIST_FILE = YES;
				IPHONEOS_DEPLOYMENT_TARGET = 18.5;
				MACOSX_DEPLOYMENT_TARGET = 15.5;
				MARKETING_VERSION = 1.0;
				PRODUCT_BUNDLE_IDENTIFIER = "trip-planner.trip-planner-proTests";
				PRODUCT_NAME = "$(TARGET_NAME)";
				SDKROOT = auto;
				SUPPORTED_PLATFORMS = "iphoneos iphonesimulator macosx xros xrsimulator";
				SWIFT_EMIT_LOC_STRINGS = NO;
				SWIFT_VERSION = 5.0;
				TARGETED_DEVICE_FAMILY = "1,2,7";
				TEST_HOST = "$(BUILT_PRODUCTS_DIR)/trip-planner-pro.app/$(BUNDLE_EXECUTABLE_FOLDER_PATH)/trip-planner-pro";
				XROS_DEPLOYMENT_TARGET = 2.5;
			};
			name = Debug;
		};
		5420F9852E1977120020BE93 /* Release */ = {
			isa = XCBuildConfiguration;
			buildSettings = {
				BUNDLE_LOADER = "$(TEST_HOST)";
				CODE_SIGN_STYLE = Automatic;
				CURRENT_PROJECT_VERSION = 1;
				GENERATE_INFOPLIST_FILE = YES;
				IPHONEOS_DEPLOYMENT_TARGET = 18.5;
				MACOSX_DEPLOYMENT_TARGET = 15.5;
				MARKETING_VERSION = 1.0;
				PRODUCT_BUNDLE_IDENTIFIER = "trip-planner.trip-planner-proTests";
				PRODUCT_NAME = "$(TARGET_NAME)";
				SDKROOT = auto;
				SUPPORTED_PLATFORMS = "iphoneos iphonesimulator macosx xros xrsimulator";
				SWIFT_EMIT_LOC_STRINGS = NO;
				SWIFT_VERSION = 5.0;
				TARGETED_DEVICE_FAMILY = "1,2,7";
				TEST_HOST = "$(BUILT_PRODUCTS_DIR)/trip-planner-pro.app/$(BUNDLE_EXECUTABLE_FOLDER_PATH)/trip-planner-pro";
				XROS_DEPLOYMENT_TARGET = 2.5;
			};
			name = Release;
		};
		5420F9872E1977120020BE93 /* Debug */ = {
			isa = XCBuildConfiguration;
			buildSettings = {
				CODE_SIGN_STYLE = Automatic;
				CURRENT_PROJECT_VERSION = 1;
				GENERATE_INFOPLIST_FILE = YES;
				IPHONEOS_DEPLOYMENT_TARGET = 18.5;
				MACOSX_DEPLOYMENT_TARGET = 15.5;
				MARKETING_VERSION = 1.0;
				PRODUCT_BUNDLE_IDENTIFIER = "trip-planner.trip-planner-proUITests";
				PRODUCT_NAME = "$(TARGET_NAME)";
				SDKROOT = auto;
				SUPPORTED_PLATFORMS = "iphoneos iphonesimulator macosx xros xrsimulator";
				SWIFT_EMIT_LOC_STRINGS = NO;
				SWIFT_VERSION = 5.0;
				TARGETED_DEVICE_FAMILY = "1,2,7";
				TEST_TARGET_NAME = "trip-planner-pro";
				XROS_DEPLOYMENT_TARGET = 2.5;
			};
			name = Debug;
		};
		5420F9882E1977120020BE93 /* Release */ = {
			isa = XCBuildConfiguration;
			buildSettings = {
				CODE_SIGN_STYLE = Automatic;
				CURRENT_PROJECT_VERSION = 1;
				GENERATE_INFOPLIST_FILE = YES;
				IPHONEOS_DEPLOYMENT_TARGET = 18.5;
				MACOSX_DEPLOYMENT_TARGET = 15.5;
				MARKETING_VERSION = 1.0;
				PRODUCT_BUNDLE_IDENTIFIER = "trip-planner.trip-planner-proUITests";
				PRODUCT_NAME = "$(TARGET_NAME)";
				SDKROOT = auto;
				SUPPORTED_PLATFORMS = "iphoneos iphonesimulator macosx xros xrsimulator";
				SWIFT_EMIT_LOC_STRINGS = NO;
				SWIFT_VERSION = 5.0;
				TARGETED_DEVICE_FAMILY = "1,2,7";
				TEST_TARGET_NAME = "trip-planner-pro";
				XROS_DEPLOYMENT_TARGET = 2.5;
			};
			name = Release;
		};
/* End XCBuildConfiguration section */

/* Begin XCConfigurationList section */
		5420F9592E1977110020BE93 /* Build configuration list for PBXProject "trip-planner-pro" */ = {
			isa = XCConfigurationList;
			buildConfigurations = (
				5420F97E2E1977120020BE93 /* Debug */,
				5420F97F2E1977120020BE93 /* Release */,
			);
			defaultConfigurationIsVisible = 0;
			defaultConfigurationName = Release;
		};
		5420F9802E1977120020BE93 /* Build configuration list for PBXNativeTarget "trip-planner-pro" */ = {
			isa = XCConfigurationList;
			buildConfigurations = (
				5420F9812E1977120020BE93 /* Debug */,
				5420F9822E1977120020BE93 /* Release */,
			);
			defaultConfigurationIsVisible = 0;
			defaultConfigurationName = Release;
		};
		5420F9832E1977120020BE93 /* Build configuration list for PBXNativeTarget "trip-planner-proTests" */ = {
			isa = XCConfigurationList;
			buildConfigurations = (
				5420F9842E1977120020BE93 /* Debug */,
				5420F9852E1977120020BE93 /* Release */,
			);
			defaultConfigurationIsVisible = 0;
			defaultConfigurationName = Release;
		};
		5420F9862E1977120020BE93 /* Build configuration list for PBXNativeTarget "trip-planner-proUITests" */ = {
			isa = XCConfigurationList;
			buildConfigurations = (
				5420F9872E1977120020BE93 /* Debug */,
				5420F9882E1977120020BE93 /* Release */,
			);
			defaultConfigurationIsVisible = 0;
			defaultConfigurationName = Release;
		};
/* End XCConfigurationList section */

/* Begin XCRemoteSwiftPackageReference section */
		5420F9982E1979EC0020BE93 /* XCRemoteSwiftPackageReference "supabase-swift" */ = {
			isa = XCRemoteSwiftPackageReference;
			repositoryURL = "https://github.com/supabase/supabase-swift";
			requirement = {
				kind = upToNextMajorVersion;
				minimumVersion = 2.5.1;
			};
		};
/* End XCRemoteSwiftPackageReference section */

/* Begin XCSwiftPackageProductDependency section */
		5420F9992E1979EC0020BE93 /* Auth */ = {
			isa = XCSwiftPackageProductDependency;
			package = 5420F9982E1979EC0020BE93 /* XCRemoteSwiftPackageReference "supabase-swift" */;
			productName = Auth;
		};
		5420F99B2E1979EC0020BE93 /* Functions */ = {
			isa = XCSwiftPackageProductDependency;
			package = 5420F9982E1979EC0020BE93 /* XCRemoteSwiftPackageReference "supabase-swift" */;
			productName = Functions;
		};
		5420F99D2E1979EC0020BE93 /* PostgREST */ = {
			isa = XCSwiftPackageProductDependency;
			package = 5420F9982E1979EC0020BE93 /* XCRemoteSwiftPackageReference "supabase-swift" */;
			productName = PostgREST;
		};
		5420F99F2E1979EC0020BE93 /* Realtime */ = {
			isa = XCSwiftPackageProductDependency;
			package = 5420F9982E1979EC0020BE93 /* XCRemoteSwiftPackageReference "supabase-swift" */;
			productName = Realtime;
		};
		5420F9A12E1979EC0020BE93 /* Storage */ = {
			isa = XCSwiftPackageProductDependency;
			package = 5420F9982E1979EC0020BE93 /* XCRemoteSwiftPackageReference "supabase-swift" */;
			productName = Storage;
		};
		5420F9A62E197B0C0020BE93 /* Supabase */ = {
			isa = XCSwiftPackageProductDependency;
			package = 5420F9982E1979EC0020BE93 /* XCRemoteSwiftPackageReference "supabase-swift" */;
			productName = Supabase;
		};
/* End XCSwiftPackageProductDependency section */
	};
	rootObject = 5420F9562E1977110020BE93 /* Project object */;
}
